
Microsoft Visual Studio Solution File, Format Version 12.00
# Visual Studio 15
VisualStudioVersion = 15.0.27004.2000
MinimumVisualStudioVersion = 10.0.40219.1
Project("{9A19103F-16F7-4668-BE54-9A1E7A4F7556}") = "DotNet.Memory.Logger", "src\DotNet.Memory.Logger\DotNet.Memory.Logger.csproj", "{F0DB833F-B527-4376-9264-87BF9EB5CC51}"
EndProject
Project("{2150E333-8FDC-42A3-9474-1A3956D46DE8}") = "src", "src", "{58A40194-3598-484D-A9A3-7208C0C229B9}"
EndProject
Project("{2150E333-8FDC-42A3-9474-1A3956D46DE8}") = "test", "test", "{642E6A4A-C7A0-4A46-ACFD-185012F05077}"
EndProject
Project("{9A19103F-16F7-4668-BE54-9A1E7A4F7556}") = "DotNet.Logger.Test", "test\DotNet.Logger.Test\DotNet.Logger.Test.csproj", "{19546351-EECF-4E34-A543-08188E99458E}"
EndProject
Project("{2150E333-8FDC-42A3-9474-1A3956D46DE8}") = "Solution Items", "Solution Items", "{040C4C17-BD50-40CB-8B57-4DBBDE54F033}"
	ProjectSection(SolutionItems) = preProject
		.gitattributes = .gitattributes
		.gitignore = .gitignore
		Directory.Build.props = Directory.Build.props
		LICENSE = LICENSE
		NuGet.config = NuGet.config
		README.md = README.md
	EndProjectSection
EndProject
Project("{9A19103F-16F7-4668-BE54-9A1E7A4F7556}") = "DotNet.NLogger.NetCore", "src\DotNet.NLogger.NetCore\DotNet.NLogger.NetCore.csproj", "{1DF081B1-08CB-4FD1-B8CE-4A48EB65E65B}"
EndProject
Project("{2150E333-8FDC-42A3-9474-1A3956D46DE8}") = "samples", "samples", "{9B66AD7E-362F-428C-9B1D-A06B4DC396A5}"
EndProject
Project("{9A19103F-16F7-4668-BE54-9A1E7A4F7556}") = "RestWebApplication", "samples\RestWebApplication\RestWebApplication.csproj", "{B468AAF0-EA49-4D0A-B6D5-1D5999B17263}"
EndProject
Project("{9A19103F-16F7-4668-BE54-9A1E7A4F7556}") = "RestWebApplication-Logger", "samples\RestWebApplication-Logger\RestWebApplication-Logger.csproj", "{16F1A24E-0A60-49CE-B85A-167A1E911BA2}"
EndProject
Project("{9A19103F-16F7-4668-BE54-9A1E7A4F7556}") = "RestWebApplication-MemLog", "samples\RestWebApplication-MemLog\RestWebApplication-MemLog.csproj", "{E683ABD5-B5F6-41B9-B310-9C90DF122516}"
EndProject
Global
	GlobalSection(SolutionConfigurationPlatforms) = preSolution
		Debug|Any CPU = Debug|Any CPU
		Release|Any CPU = Release|Any CPU
	EndGlobalSection
	GlobalSection(ProjectConfigurationPlatforms) = postSolution
		{F0DB833F-B527-4376-9264-87BF9EB5CC51}.Debug|Any CPU.ActiveCfg = Debug|Any CPU
		{F0DB833F-B527-4376-9264-87BF9EB5CC51}.Debug|Any CPU.Build.0 = Debug|Any CPU
		{F0DB833F-B527-4376-9264-87BF9EB5CC51}.Release|Any CPU.ActiveCfg = Release|Any CPU
		{F0DB833F-B527-4376-9264-87BF9EB5CC51}.Release|Any CPU.Build.0 = Release|Any CPU
		{19546351-EECF-4E34-A543-08188E99458E}.Debug|Any CPU.ActiveCfg = Debug|Any CPU
		{19546351-EECF-4E34-A543-08188E99458E}.Debug|Any CPU.Build.0 = Debug|Any CPU
		{19546351-EECF-4E34-A543-08188E99458E}.Release|Any CPU.ActiveCfg = Release|Any CPU
		{19546351-EECF-4E34-A543-08188E99458E}.Release|Any CPU.Build.0 = Release|Any CPU
		{1DF081B1-08CB-4FD1-B8CE-4A48EB65E65B}.Debug|Any CPU.ActiveCfg = Debug|Any CPU
		{1DF081B1-08CB-4FD1-B8CE-4A48EB65E65B}.Debug|Any CPU.Build.0 = Debug|Any CPU
		{1DF081B1-08CB-4FD1-B8CE-4A48EB65E65B}.Release|Any CPU.ActiveCfg = Release|Any CPU
		{1DF081B1-08CB-4FD1-B8CE-4A48EB65E65B}.Release|Any CPU.Build.0 = Release|Any CPU
		{B468AAF0-EA49-4D0A-B6D5-1D5999B17263}.Debug|Any CPU.ActiveCfg = Debug|Any CPU
		{B468AAF0-EA49-4D0A-B6D5-1D5999B17263}.Debug|Any CPU.Build.0 = Debug|Any CPU
		{B468AAF0-EA49-4D0A-B6D5-1D5999B17263}.Release|Any CPU.ActiveCfg = Release|Any CPU
		{B468AAF0-EA49-4D0A-B6D5-1D5999B17263}.Release|Any CPU.Build.0 = Release|Any CPU
		{16F1A24E-0A60-49CE-B85A-167A1E911BA2}.Debug|Any CPU.ActiveCfg = Debug|Any CPU
		{16F1A24E-0A60-49CE-B85A-167A1E911BA2}.Debug|Any CPU.Build.0 = Debug|Any CPU
		{16F1A24E-0A60-49CE-B85A-167A1E911BA2}.Release|Any CPU.ActiveCfg = Release|Any CPU
		{16F1A24E-0A60-49CE-B85A-167A1E911BA2}.Release|Any CPU.Build.0 = Release|Any CPU
		{E683ABD5-B5F6-41B9-B310-9C90DF122516}.Debug|Any CPU.ActiveCfg = Debug|Any CPU
		{E683ABD5-B5F6-41B9-B310-9C90DF122516}.Debug|Any CPU.Build.0 = Debug|Any CPU
		{E683ABD5-B5F6-41B9-B310-9C90DF122516}.Release|Any CPU.ActiveCfg = Release|Any CPU
		{E683ABD5-B5F6-41B9-B310-9C90DF122516}.Release|Any CPU.Build.0 = Release|Any CPU
	EndGlobalSection
	GlobalSection(SolutionProperties) = preSolution
		HideSolutionNode = FALSE
	EndGlobalSection
	GlobalSection(NestedProjects) = preSolution
		{F0DB833F-B527-4376-9264-87BF9EB5CC51} = {58A40194-3598-484D-A9A3-7208C0C229B9}
		{19546351-EECF-4E34-A543-08188E99458E} = {642E6A4A-C7A0-4A46-ACFD-185012F05077}
		{1DF081B1-08CB-4FD1-B8CE-4A48EB65E65B} = {58A40194-3598-484D-A9A3-7208C0C229B9}
		{B468AAF0-EA49-4D0A-B6D5-1D5999B17263} = {9B66AD7E-362F-428C-9B1D-A06B4DC396A5}
		{16F1A24E-0A60-49CE-B85A-167A1E911BA2} = {9B66AD7E-362F-428C-9B1D-A06B4DC396A5}
		{E683ABD5-B5F6-41B9-B310-9C90DF122516} = {9B66AD7E-362F-428C-9B1D-A06B4DC396A5}
	EndGlobalSection
	GlobalSection(ExtensibilityGlobals) = postSolution
		SolutionGuid = {4F98EE67-4E05-4208-9C73-209F7CF177D1}
	EndGlobalSection
EndGlobal
